
Microsoft Visual Studio Solution File, Format Version 12.00
# Visual Studio Version 17
VisualStudioVersion = 17.4.33103.184
MinimumVisualStudioVersion = 10.0.40219.1
Project("{FAE04EC0-301F-11D3-BF4B-00C04F79EFBC}") = "AppMvcBasica", "AppMvcBasica\AppMvcBasica.csproj", "{09BE278B-6001-4712-BE23-5CC1DFA86884}"
EndProject
Global
	GlobalSection(SolutionConfigurationPlatforms) = preSolution
		Debug|Any CPU = Debug|Any CPU
		Release|Any CPU = Release|Any CPU
	EndGlobalSection
	GlobalSection(ProjectConfigurationPlatforms) = postSolution
		{09BE278B-6001-4712-BE23-5CC1DFA86884}.Debug|Any CPU.ActiveCfg = Debug|Any CPU
		{09BE278B-6001-4712-BE23-5CC1DFA86884}.Debug|Any CPU.Build.0 = Debug|Any CPU
		{09BE278B-6001-4712-BE23-5CC1DFA86884}.Release|Any CPU.ActiveCfg = Release|Any CPU
		{09BE278B-6001-4712-BE23-5CC1DFA86884}.Release|Any CPU.Build.0 = Release|Any CPU
	EndGlobalSection
	GlobalSection(SolutionProperties) = preSolution
		HideSolutionNode = FALSE
	EndGlobalSection
	GlobalSection(ExtensibilityGlobals) = postSolution
		SolutionGuid = {F5B00B48-0513-4CC0-962F-31FE720811B6}
	EndGlobalSection
EndGlobal
